
Microsoft Visual Studio Solution File, Format Version 11.00
# Visual Studio 2010
Project("{FAE04EC0-301F-11D3-BF4B-00C04F79EFBC}") = "BlackBox.Editor", "BlackBox.Editor\BlackBox.Editor.csproj", "{64EA129D-8D58-4A30-9F05-889EFA296ABD}"
EndProject
Project("{FAE04EC0-301F-11D3-BF4B-00C04F79EFBC}") = "BlackBox", "..\src\BlackBox\BlackBox.csproj", "{1D645729-E48E-4465-B4E7-049DFE20A883}"
EndProject
Global
	GlobalSection(SolutionConfigurationPlatforms) = preSolution
		Debug|Any CPU = Debug|Any CPU
		Debug|Mixed Platforms = Debug|Mixed Platforms
		Debug|x86 = Debug|x86
		Release|Any CPU = Release|Any CPU
		Release|Mixed Platforms = Release|Mixed Platforms
		Release|x86 = Release|x86
	EndGlobalSection
	GlobalSection(ProjectConfigurationPlatforms) = postSolution
		{64EA129D-8D58-4A30-9F05-889EFA296ABD}.Debug|Any CPU.ActiveCfg = Debug|x86
		{64EA129D-8D58-4A30-9F05-889EFA296ABD}.Debug|Mixed Platforms.ActiveCfg = Debug|x86
		{64EA129D-8D58-4A30-9F05-889EFA296ABD}.Debug|Mixed Platforms.Build.0 = Debug|x86
		{64EA129D-8D58-4A30-9F05-889EFA296ABD}.Debug|x86.ActiveCfg = Debug|x86
		{64EA129D-8D58-4A30-9F05-889EFA296ABD}.Debug|x86.Build.0 = Debug|x86
		{64EA129D-8D58-4A30-9F05-889EFA296ABD}.Release|Any CPU.ActiveCfg = Release|x86
		{64EA129D-8D58-4A30-9F05-889EFA296ABD}.Release|Mixed Platforms.ActiveCfg = Release|x86
		{64EA129D-8D58-4A30-9F05-889EFA296ABD}.Release|Mixed Platforms.Build.0 = Release|x86
		{64EA129D-8D58-4A30-9F05-889EFA296ABD}.Release|x86.ActiveCfg = Release|x86
		{64EA129D-8D58-4A30-9F05-889EFA296ABD}.Release|x86.Build.0 = Release|x86
		{1D645729-E48E-4465-B4E7-049DFE20A883}.Debug|Any CPU.ActiveCfg = Debug|Any CPU
		{1D645729-E48E-4465-B4E7-049DFE20A883}.Debug|Any CPU.Build.0 = Debug|Any CPU
		{1D645729-E48E-4465-B4E7-049DFE20A883}.Debug|Mixed Platforms.ActiveCfg = Debug|Any CPU
		{1D645729-E48E-4465-B4E7-049DFE20A883}.Debug|Mixed Platforms.Build.0 = Debug|Any CPU
		{1D645729-E48E-4465-B4E7-049DFE20A883}.Debug|x86.ActiveCfg = Debug|Any CPU
		{1D645729-E48E-4465-B4E7-049DFE20A883}.Release|Any CPU.ActiveCfg = Release|Any CPU
		{1D645729-E48E-4465-B4E7-049DFE20A883}.Release|Any CPU.Build.0 = Release|Any CPU
		{1D645729-E48E-4465-B4E7-049DFE20A883}.Release|Mixed Platforms.ActiveCfg = Release|Any CPU
		{1D645729-E48E-4465-B4E7-049DFE20A883}.Release|Mixed Platforms.Build.0 = Release|Any CPU
		{1D645729-E48E-4465-B4E7-049DFE20A883}.Release|x86.ActiveCfg = Release|Any CPU
	EndGlobalSection
	GlobalSection(SolutionProperties) = preSolution
		HideSolutionNode = FALSE
	EndGlobalSection
EndGlobal
